
Microsoft Visual Studio Solution File, Format Version 12.00
# Visual Studio 15
VisualStudioVersion = 15.0.28307.572
MinimumVisualStudioVersion = 10.0.40219.1
Project("{FAE04EC0-301F-11D3-BF4B-00C04F79EFBC}") = "Ex03.GarageLogic", "Ex03.GarageLogic\Ex03.GarageLogic.csproj", "{5A2AE10B-D9A8-4543-B676-5E8A5BB16197}"
EndProject
Project("{FAE04EC0-301F-11D3-BF4B-00C04F79EFBC}") = "Ex03.ConsoleUI", "Ex03.ConsoleUI\Ex03.ConsoleUI.csproj", "{EA4EFCBC-C1FF-4C64-B04D-242B2910D46E}"
EndProject
Project("{2150E333-8FDC-42A3-9474-1A3956D46DE8}") = "Solution Items", "Solution Items", "{ECBD00EA-CD3F-4F99-8DD4-11BF1A912B23}"
	ProjectSection(SolutionItems) = preProject
		B20 Ex03 Danit 316040658 Alona 321705873.docx = B20 Ex03 Danit 316040658 Alona 321705873.docx
		ExerciseCheckingReport.txt = ExerciseCheckingReport.txt
	EndProjectSection
EndProject
Global
	GlobalSection(SolutionConfigurationPlatforms) = preSolution
		Debug|Any CPU = Debug|Any CPU
		Release|Any CPU = Release|Any CPU
	EndGlobalSection
	GlobalSection(ProjectConfigurationPlatforms) = postSolution
		{5A2AE10B-D9A8-4543-B676-5E8A5BB16197}.Debug|Any CPU.ActiveCfg = Debug|Any CPU
		{5A2AE10B-D9A8-4543-B676-5E8A5BB16197}.Debug|Any CPU.Build.0 = Debug|Any CPU
		{5A2AE10B-D9A8-4543-B676-5E8A5BB16197}.Release|Any CPU.ActiveCfg = Release|Any CPU
		{5A2AE10B-D9A8-4543-B676-5E8A5BB16197}.Release|Any CPU.Build.0 = Release|Any CPU
		{EA4EFCBC-C1FF-4C64-B04D-242B2910D46E}.Debug|Any CPU.ActiveCfg = Debug|Any CPU
		{EA4EFCBC-C1FF-4C64-B04D-242B2910D46E}.Debug|Any CPU.Build.0 = Debug|Any CPU
		{EA4EFCBC-C1FF-4C64-B04D-242B2910D46E}.Release|Any CPU.ActiveCfg = Release|Any CPU
		{EA4EFCBC-C1FF-4C64-B04D-242B2910D46E}.Release|Any CPU.Build.0 = Release|Any CPU
	EndGlobalSection
	GlobalSection(SolutionProperties) = preSolution
		HideSolutionNode = FALSE
	EndGlobalSection
	GlobalSection(ExtensibilityGlobals) = postSolution
		SolutionGuid = {6ADDCE0F-E2D7-4704-9708-F3FD15A2483C}
	EndGlobalSection
EndGlobal
